hash: e7775ce63c278b1d9a8b41fe4c2f42d3fa8076dad9ca2167c20e0d6d08a0f658
updated: 2017-04-29T13:29:30.673440256+05:30
imports:
- name: github.com/eclipse/paho.mqtt.golang
  version: 45f9b18f4864c81d49c3ed01e5faec9eeb05de31
  subpackages:
  - packets
- name: github.com/kelseyhightower/envconfig
  version: f611eb38b3875cc3bd991ca91c51d06446afa14c
- name: github.com/mrmorphic/hwio
  version: 4af3c0a919085ce9b99bbe5a8e3334b805618c2e
- name: github.com/Sirupsen/logrus
  version: ba1b36c82c5e05c4f912a88eab0dcd91a171688f
- name: github.com/sudarshan-reddy/groove
  version: df9be8074719f714d943bbde271164781c333b42
- name: golang.org/x/net
  version: da118f7b8e5954f39d0d2130ab35d4bf0e3cb344
  subpackages:
  - websocket
- name: golang.org/x/sys
  version: 9ccfe848b9db8435a24c424abbc07a921adf1df5
  subpackages:
  - unix
testImports: []
